
Microsoft Visual Studio Solution File, Format Version 12.00
# Visual Studio Version 17
VisualStudioVersion = 17.3.32901.215
MinimumVisualStudioVersion = 10.0.40219.1
Project("{FAE04EC0-301F-11D3-BF4B-00C04F79EFBC}") = "Free_API", "Free_API\Free_API.csproj", "{634CA2DA-2DD2-44C7-9CA4-F3D13BFC201D}"
EndProject
Global
	GlobalSection(SolutionConfigurationPlatforms) = preSolution
		Debug|Any CPU = Debug|Any CPU
		Release|Any CPU = Release|Any CPU
	EndGlobalSection
	GlobalSection(ProjectConfigurationPlatforms) = postSolution
		{634CA2DA-2DD2-44C7-9CA4-F3D13BFC201D}.Debug|Any CPU.ActiveCfg = Debug|Any CPU
		{634CA2DA-2DD2-44C7-9CA4-F3D13BFC201D}.Debug|Any CPU.Build.0 = Debug|Any CPU
		{634CA2DA-2DD2-44C7-9CA4-F3D13BFC201D}.Release|Any CPU.ActiveCfg = Release|Any CPU
		{634CA2DA-2DD2-44C7-9CA4-F3D13BFC201D}.Release|Any CPU.Build.0 = Release|Any CPU
	EndGlobalSection
	GlobalSection(SolutionProperties) = preSolution
		HideSolutionNode = FALSE
	EndGlobalSection
	GlobalSection(ExtensibilityGlobals) = postSolution
		SolutionGuid = {2543EC50-1057-4EE7-8796-C4A8459FBDCC}
	EndGlobalSection
EndGlobal
